
Microsoft Visual Studio Solution File, Format Version 11.00
# Visual Studio 2010
Project("{FAE04EC0-301F-11D3-BF4B-00C04F79EFBC}") = "BeepBeep", "BeepBeep.csproj", "{32B1BF4E-015C-4D63-B715-F6C2E94F8A1F}"
EndProject
Global
	GlobalSection(SolutionConfigurationPlatforms) = preSolution
		Debug|Any CPU = Debug|Any CPU
		Release|Any CPU = Release|Any CPU
	EndGlobalSection
	GlobalSection(ProjectConfigurationPlatforms) = postSolution
		{32B1BF4E-015C-4D63-B715-F6C2E94F8A1F}.Debug|Any CPU.ActiveCfg = Debug|Any CPU
		{32B1BF4E-015C-4D63-B715-F6C2E94F8A1F}.Debug|Any CPU.Build.0 = Debug|Any CPU
		{32B1BF4E-015C-4D63-B715-F6C2E94F8A1F}.Release|Any CPU.ActiveCfg = Release|Any CPU
		{32B1BF4E-015C-4D63-B715-F6C2E94F8A1F}.Release|Any CPU.Build.0 = Release|Any CPU
	EndGlobalSection
	GlobalSection(MonoDevelopProperties) = preSolution
		StartupItem = BeepBeep.csproj
	EndGlobalSection
EndGlobal
